{
  "name": "side-nav",
  "version": "1.0.0",
  "lockfileVersion": 1,
  "requires": true,
  "dependencies": {
    "top-nav": {
      "version": "1.0.2",
      "resolved": "https://registry.npmjs.org/top-nav/-/top-nav-1.0.2.tgz",
      "integrity": "sha512-m2VEH2KuFMnoY+jemPQZLTy0FbF93YBuVqBrA3COILDXG2ICIZYFAWmR/BDHS8XU2PGnuBVVbQ1MSu9hHwZwCg==",
      "dev": true
    }
  }
}
